// !$*UTF8*$!
{
	archiveVersion = 1;
	classes = {
	};
	objectVersion = 50;
	objects = {

/* Begin PBXBuildFile section */
		15D3F29C221A7EAE00BD13F2 /* DCAutoLayout.framework in Frameworks */ = {isa = PBXBuildFile; fileRef = 15D3F29B221A7E9E00BD13F2 /* DCAutoLayout.framework */; };
		15D3F2AF221A83AD00BD13F2 /* DCAutoLayoutDemoTests.swift in Sources */ = {isa = PBXBuildFile; fileRef = 15D3F2AE221A83AD00BD13F2 /* DCAutoLayoutDemoTests.swift */; };
		15E93E2D22169887000A29CC /* AppDelegate.swift in Sources */ = {isa = PBXBuildFile; fileRef = 15E93E2C22169887000A29CC /* AppDelegate.swift */; };
		15E93E2F22169887000A29CC /* ViewController.swift in Sources */ = {isa = PBXBuildFile; fileRef = 15E93E2E22169887000A29CC /* ViewController.swift */; };
		15E93E3222169887000A29CC /* Main.storyboard in Resources */ = {isa = PBXBuildFile; fileRef = 15E93E3022169887000A29CC /* Main.storyboard */; };
		15E93E3422169887000A29CC /* Assets.xcassets in Resources */ = {isa = PBXBuildFile; fileRef = 15E93E3322169887000A29CC /* Assets.xcassets */; };
		15E93E3722169887000A29CC /* LaunchScreen.storyboard in Resources */ = {isa = PBXBuildFile; fileRef = 15E93E3522169887000A29CC /* LaunchScreen.storyboard */; };
		15E93E7F2216996C000A29CC /* UIColor+Extension.swift in Sources */ = {isa = PBXBuildFile; fileRef = 15E93E7D2216996C000A29CC /* UIColor+Extension.swift */; };
/* End PBXBuildFile section */

/* Begin PBXContainerItemProxy section */
		15D3F29A221A7E9E00BD13F2 /* PBXContainerItemProxy */ = {
			isa = PBXContainerItemProxy;
			containerPortal = 15D3F296221A7E9E00BD13F2 /* DCAutoLayout.xcodeproj */;
			proxyType = 2;
			remoteGlobalIDString = 15E93E8C22169C47000A29CC;
			remoteInfo = DCAutoLayout;
		};
		15D3F2A9221A837A00BD13F2 /* PBXContainerItemProxy */ = {
			isa = PBXContainerItemProxy;
			containerPortal = 15E93E2122169886000A29CC /* Project object */;
			proxyType = 1;
			remoteGlobalIDString = 15E93E2822169887000A29CC;
			remoteInfo = DCAutoLayoutDemo;
		};
/* End PBXContainerItemProxy section */

/* Begin PBXFileReference section */
		15D3F294221A7E6F00BD13F2 /* DCAutoLayout.framework */ = {isa = PBXFileReference; lastKnownFileType = wrapper.framework; name = DCAutoLayout.framework; path = Carthage/Build/iOS/DCAutoLayout.framework; sourceTree = "<group>"; };
		15D3F296221A7E9E00BD13F2 /* DCAutoLayout.xcodeproj */ = {isa = PBXFileReference; lastKnownFileType = "wrapper.pb-project"; name = DCAutoLayout.xcodeproj; path = DCAutoLayout/DCAutoLayout.xcodeproj; sourceTree = SOURCE_ROOT; };
		15D3F2A4221A837A00BD13F2 /* DCAutoLayoutDemoTests.xctest */ = {isa = PBXFileReference; explicitFileType = wrapper.cfbundle; includeInIndex = 0; path = DCAutoLayoutDemoTests.xctest; sourceTree = BUILT_PRODUCTS_DIR; };
		15D3F2A8221A837A00BD13F2 /* Info.plist */ = {isa = PBXFileReference; lastKnownFileType = text.plist.xml; path = Info.plist; sourceTree = "<group>"; };
		15D3F2AE221A83AD00BD13F2 /* DCAutoLayoutDemoTests.swift */ = {isa = PBXFileReference; fileEncoding = 4; lastKnownFileType = sourcecode.swift; path = DCAutoLayoutDemoTests.swift; sourceTree = "<group>"; };
		15E93E2922169887000A29CC /* DCAutoLayoutDemo.app */ = {isa = PBXFileReference; explicitFileType = wrapper.application; includeInIndex = 0; path = DCAutoLayoutDemo.app; sourceTree = BUILT_PRODUCTS_DIR; };
		15E93E2C22169887000A29CC /* AppDelegate.swift */ = {isa = PBXFileReference; lastKnownFileType = sourcecode.swift; path = AppDelegate.swift; sourceTree = "<group>"; };
		15E93E2E22169887000A29CC /* ViewController.swift */ = {isa = PBXFileReference; lastKnownFileType = sourcecode.swift; path = ViewController.swift; sourceTree = "<group>"; };
		15E93E3122169887000A29CC /* Base */ = {isa = PBXFileReference; lastKnownFileType = file.storyboard; name = Base; path = Base.lproj/Main.storyboard; sourceTree = "<group>"; };
		15E93E3322169887000A29CC /* Assets.xcassets */ = {isa = PBXFileReference; lastKnownFileType = folder.assetcatalog; path = Assets.xcassets; sourceTree = "<group>"; };
		15E93E3622169887000A29CC /* Base */ = {isa = PBXFileReference; lastKnownFileType = file.storyboard; name = Base; path = Base.lproj/LaunchScreen.storyboard; sourceTree = "<group>"; };
		15E93E3822169887000A29CC /* Info.plist */ = {isa = PBXFileReference; lastKnownFileType = text.plist.xml; path = Info.plist; sourceTree = "<group>"; };
		15E93E7D2216996C000A29CC /* UIColor+Extension.swift */ = {isa = PBXFileReference; fileEncoding = 4; lastKnownFileType = sourcecode.swift; path = "UIColor+Extension.swift"; sourceTree = "<group>"; };
/* End PBXFileReference section */

/* Begin PBXFrameworksBuildPhase section */
		15D3F2A1221A837A00BD13F2 /* Frameworks */ = {
			isa = PBXFrameworksBuildPhase;
			buildActionMask = 2147483647;
			files = (
			);
			runOnlyForDeploymentPostprocessing = 0;
		};
		15E93E2622169887000A29CC /* Frameworks */ = {
			isa = PBXFrameworksBuildPhase;
			buildActionMask = 2147483647;
			files = (
				15D3F29C221A7EAE00BD13F2 /* DCAutoLayout.framework in Frameworks */,
			);
			runOnlyForDeploymentPostprocessing = 0;
		};
/* End PBXFrameworksBuildPhase section */

/* Begin PBXGroup section */
		15D3F297221A7E9E00BD13F2 /* Products */ = {
			isa = PBXGroup;
			children = (
				15D3F29B221A7E9E00BD13F2 /* DCAutoLayout.framework */,
			);
			name = Products;
			sourceTree = "<group>";
		};
		15D3F2A5221A837A00BD13F2 /* DCAutoLayoutDemoTests */ = {
			isa = PBXGroup;
			children = (
				15D3F2AE221A83AD00BD13F2 /* DCAutoLayoutDemoTests.swift */,
				15D3F2A8221A837A00BD13F2 /* Info.plist */,
			);
			path = DCAutoLayoutDemoTests;
			sourceTree = "<group>";
		};
		15E93E2022169886000A29CC = {
			isa = PBXGroup;
			children = (
				15E93E2B22169887000A29CC /* DCAutoLayoutDemo */,
				15D3F2A5221A837A00BD13F2 /* DCAutoLayoutDemoTests */,
				15E93E2A22169887000A29CC /* Products */,
				15E93E8022169B3F000A29CC /* Frameworks */,
			);
			sourceTree = "<group>";
		};
		15E93E2A22169887000A29CC /* Products */ = {
			isa = PBXGroup;
			children = (
				15E93E2922169887000A29CC /* DCAutoLayoutDemo.app */,
				15D3F2A4221A837A00BD13F2 /* DCAutoLayoutDemoTests.xctest */,
			);
			name = Products;
			sourceTree = "<group>";
		};
		15E93E2B22169887000A29CC /* DCAutoLayoutDemo */ = {
			isa = PBXGroup;
			children = (
				15D3F296221A7E9E00BD13F2 /* DCAutoLayout.xcodeproj */,
				15E93E2C22169887000A29CC /* AppDelegate.swift */,
				15E93E2E22169887000A29CC /* ViewController.swift */,
				15E93E3022169887000A29CC /* Main.storyboard */,
				15E93E7D2216996C000A29CC /* UIColor+Extension.swift */,
				15E93E3322169887000A29CC /* Assets.xcassets */,
				15E93E3522169887000A29CC /* LaunchScreen.storyboard */,
				15E93E3822169887000A29CC /* Info.plist */,
			);
			path = DCAutoLayoutDemo;
			sourceTree = "<group>";
		};
		15E93E8022169B3F000A29CC /* Frameworks */ = {
			isa = PBXGroup;
			children = (
				15D3F294221A7E6F00BD13F2 /* DCAutoLayout.framework */,
			);
			name = Frameworks;
			sourceTree = "<group>";
		};
/* End PBXGroup section */

/* Begin PBXNativeTarget section */
		15D3F2A3221A837A00BD13F2 /* DCAutoLayoutDemoTests */ = {
			isa = PBXNativeTarget;
			buildConfigurationList = 15D3F2AB221A837A00BD13F2 /* Build configuration list for PBXNativeTarget "DCAutoLayoutDemoTests" */;
			buildPhases = (
				15D3F2A0221A837A00BD13F2 /* Sources */,
				15D3F2A1221A837A00BD13F2 /* Frameworks */,
				15D3F2A2221A837A00BD13F2 /* Resources */,
			);
			buildRules = (
			);
			dependencies = (
				15D3F2AA221A837A00BD13F2 /* PBXTargetDependency */,
			);
			name = DCAutoLayoutDemoTests;
			productName = DCAutoLayoutDemoTests;
			productReference = 15D3F2A4221A837A00BD13F2 /* DCAutoLayoutDemoTests.xctest */;
			productType = "com.apple.product-type.bundle.unit-test";
		};
		15E93E2822169887000A29CC /* DCAutoLayoutDemo */ = {
			isa = PBXNativeTarget;
			buildConfigurationList = 15E93E3B22169887000A29CC /* Build configuration list for PBXNativeTarget "DCAutoLayoutDemo" */;
			buildPhases = (
				15E93E2522169887000A29CC /* Sources */,
				15E93E2622169887000A29CC /* Frameworks */,
				15E93E2722169887000A29CC /* Resources */,
			);
			buildRules = (
			);
			dependencies = (
			);
			name = DCAutoLayoutDemo;
			productName = DCAutoLayoutDemo;
			productReference = 15E93E2922169887000A29CC /* DCAutoLayoutDemo.app */;
			productType = "com.apple.product-type.application";
		};
/* End PBXNativeTarget section */

/* Begin PBXProject section */
		15E93E2122169886000A29CC /* Project object */ = {
			isa = PBXProject;
			attributes = {
				LastSwiftUpdateCheck = 1010;
				LastUpgradeCheck = 1010;
				ORGANIZATIONNAME = Dariel;
				TargetAttributes = {
					15D3F2A3221A837A00BD13F2 = {
						CreatedOnToolsVersion = 10.1;
						TestTargetID = 15E93E2822169887000A29CC;
					};
					15E93E2822169887000A29CC = {
						CreatedOnToolsVersion = 10.1;
					};
				};
			};
			buildConfigurationList = 15E93E2422169886000A29CC /* Build configuration list for PBXProject "DCAutoLayoutDemo" */;
			compatibilityVersion = "Xcode 9.3";
			developmentRegion = en;
			hasScannedForEncodings = 0;
			knownRegions = (
				en,
				Base,
			);
			mainGroup = 15E93E2022169886000A29CC;
			productRefGroup = 15E93E2A22169887000A29CC /* Products */;
			projectDirPath = "";
			projectReferences = (
				{
					ProductGroup = 15D3F297221A7E9E00BD13F2 /* Products */;
					ProjectRef = 15D3F296221A7E9E00BD13F2 /* DCAutoLayout.xcodeproj */;
				},
			);
			projectRoot = "";
			targets = (
				15E93E2822169887000A29CC /* DCAutoLayoutDemo */,
				15D3F2A3221A837A00BD13F2 /* DCAutoLayoutDemoTests */,
			);
		};
/* End PBXProject section */

/* Begin PBXReferenceProxy section */
		15D3F29B221A7E9E00BD13F2 /* DCAutoLayout.framework */ = {
			isa = PBXReferenceProxy;
			fileType = wrapper.framework;
			path = DCAutoLayout.framework;
			remoteRef = 15D3F29A221A7E9E00BD13F2 /* PBXContainerItemProxy */;
			sourceTree = BUILT_PRODUCTS_DIR;
		};
/* End PBXReferenceProxy section */

/* Begin PBXResourcesBuildPhase section */
		15D3F2A2221A837A00BD13F2 /* Resources */ = {
			isa = PBXResourcesBuildPhase;
			buildActionMask = 2147483647;
			files = (
			);
			runOnlyForDeploymentPostprocessing = 0;
		};
		15E93E2722169887000A29CC /* Resources */ = {
			isa = PBXResourcesBuildPhase;
			buildActionMask = 2147483647;
			files = (
				15E93E3722169887000A29CC /* LaunchScreen.storyboard in Resources */,
				15E93E3422169887000A29CC /* Assets.xcassets in Resources */,
				15E93E3222169887000A29CC /* Main.storyboard in Resources */,
			);
			runOnlyForDeploymentPostprocessing = 0;
		};
/* End PBXResourcesBuildPhase section */

/* Begin PBXSourcesBuildPhase section */
		15D3F2A0221A837A00BD13F2 /* Sources */ = {
			isa = PBXSourcesBuildPhase;
			buildActionMask = 2147483647;
			files = (
				15D3F2AF221A83AD00BD13F2 /* DCAutoLayoutDemoTests.swift in Sources */,
			);
			runOnlyForDeploymentPostprocessing = 0;
		};
		15E93E2522169887000A29CC /* Sources */ = {
			isa = PBXSourcesBuildPhase;
			buildActionMask = 2147483647;
			files = (
				15E93E2F22169887000A29CC /* ViewController.swift in Sources */,
				15E93E2D22169887000A29CC /* AppDelegate.swift in Sources */,
				15E93E7F2216996C000A29CC /* UIColor+Extension.swift in Sources */,
			);
			runOnlyForDeploymentPostprocessing = 0;
		};
/* End PBXSourcesBuildPhase section */

/* Begin PBXTargetDependency section */
		15D3F2AA221A837A00BD13F2 /* PBXTargetDependency */ = {
			isa = PBXTargetDependency;
			target = 15E93E2822169887000A29CC /* DCAutoLayoutDemo */;
			targetProxy = 15D3F2A9221A837A00BD13F2 /* PBXContainerItemProxy */;
		};
/* End PBXTargetDependency section */

/* Begin PBXVariantGroup section */
		15E93E3022169887000A29CC /* Main.storyboard */ = {
			isa = PBXVariantGroup;
			children = (
				15E93E3122169887000A29CC /* Base */,
			);
			name = Main.storyboard;
			sourceTree = "<group>";
		};
		15E93E3522169887000A29CC /* LaunchScreen.storyboard */ = {
			isa = PBXVariantGroup;
			children = (
				15E93E3622169887000A29CC /* Base */,
			);
			name = LaunchScreen.storyboard;
			sourceTree = "<group>";
		};
/* End PBXVariantGroup section */

/* Begin XCBuildConfiguration section */
		15D3F2AC221A837A00BD13F2 /* Debug */ = {
			isa = XCBuildConfiguration;
			buildSettings = {
				BUNDLE_LOADER = "$(TEST_HOST)";
				CODE_SIGN_STYLE = Automatic;
				DEVELOPMENT_TEAM = GFG94CPZ5N;
				INFOPLIST_FILE = DCAutoLayoutDemoTests/Info.plist;
				IPHONEOS_DEPLOYMENT_TARGET = 12.1;
				LD_RUNPATH_SEARCH_PATHS = (
					"$(inherited)",
					"@executable_path/Frameworks",
					"@loader_path/Frameworks",
				);
				PRODUCT_BUNDLE_IDENTIFIER = com.darielchen.DCAutoLayoutDemoTests;
				PRODUCT_NAME = "$(TARGET_NAME)";
				SWIFT_VERSION = 4.2;
				TARGETED_DEVICE_FAMILY = "1,2";
				TEST_HOST = "$(BUILT_PRODUCTS_DIR)/DCAutoLayoutDemo.app/DCAutoLayoutDemo";
			};
			name = Debug;
		};
		15D3F2AD221A837A00BD13F2 /* Release */ = {
			isa = XCBuildConfiguration;
			buildSettings = {
				BUNDLE_LOADER = "$(TEST_HOST)";
				CODE_SIGN_STYLE = Automatic;
				DEVELOPMENT_TEAM = GFG94CPZ5N;
				INFOPLIST_FILE = DCAutoLayoutDemoTests/Info.plist;
				IPHONEOS_DEPLOYMENT_TARGET = 12.1;
				LD_RUNPATH_SEARCH_PATHS = (
					"$(inherited)",
					"@executable_path/Frameworks",
					"@loader_path/Frameworks",
				);
				PRODUCT_BUNDLE_IDENTIFIER = com.darielchen.DCAutoLayoutDemoTests;
				PRODUCT_NAME = "$(TARGET_NAME)";
				SWIFT_VERSION = 4.2;
				TARGETED_DEVICE_FAMILY = "1,2";
				TEST_HOST = "$(BUILT_PRODUCTS_DIR)/DCAutoLayoutDemo.app/DCAutoLayoutDemo";
			};
			name = Release;
		};
		15E93E3922169887000A29CC /* Debug */ = {
			isa = XCBuildConfiguration;
			buildSettings = {
				ALWAYS_SEARCH_USER_PATHS = NO;
				CLANG_ANALYZER_NONNULL = YES;
				CLANG_ANALYZER_NUMBER_OBJECT_CONVERSION = YES_AGGRESSIVE;
				CLANG_CXX_LANGUAGE_STANDARD = "gnu++14";
				CLANG_CXX_LIBRARY = "libc++";
				CLANG_ENABLE_MODULES = YES;
				CLANG_ENABLE_OBJC_ARC = YES;
				CLANG_ENABLE_OBJC_WEAK = YES;
				CLANG_WARN_BLOCK_CAPTURE_AUTORELEASING = YES;
				CLANG_WARN_BOOL_CONVERSION = YES;
				CLANG_WARN_COMMA = YES;
				CLANG_WARN_CONSTANT_CONVERSION = YES;
				CLANG_WARN_DEPRECATED_OBJC_IMPLEMENTATIONS = YES;
				CLANG_WARN_DIRECT_OBJC_ISA_USAGE = YES_ERROR;
				CLANG_WARN_DOCUMENTATION_COMMENTS = YES;
				CLANG_WARN_EMPTY_BODY = YES;
				CLANG_WARN_ENUM_CONVERSION = YES;
				CLANG_WARN_INFINITE_RECURSION = YES;
				CLANG_WARN_INT_CONVERSION = YES;
				CLANG_WARN_NON_LITERAL_NULL_CONVERSION = YES;
				CLANG_WARN_OBJC_IMPLICIT_RETAIN_SELF = YES;
				CLANG_WARN_OBJC_LITERAL_CONVERSION = YES;
				CLANG_WARN_OBJC_ROOT_CLASS = YES_ERROR;
				CLANG_WARN_RANGE_LOOP_ANALYSIS = YES;
				CLANG_WARN_STRICT_PROTOTYPES = YES;
				CLANG_WARN_SUSPICIOUS_MOVE = YES;
				CLANG_WARN_UNGUARDED_AVAILABILITY = YES_AGGRESSIVE;
				CLANG_WARN_UNREACHABLE_CODE = YES;
				CLANG_WARN__DUPLICATE_METHOD_MATCH = YES;
				CODE_SIGN_IDENTITY = "iPhone Developer";
				COPY_PHASE_STRIP = NO;
				DEBUG_INFORMATION_FORMAT = dwarf;
				ENABLE_STRICT_OBJC_MSGSEND = YES;
				ENABLE_TESTABILITY = YES;
				GCC_C_LANGUAGE_STANDARD = gnu11;
				GCC_DYNAMIC_NO_PIC = NO;
				GCC_NO_COMMON_BLOCKS = YES;
				GCC_OPTIMIZATION_LEVEL = 0;
				GCC_PREPROCESSOR_DEFINITIONS = (
					"DEBUG=1",
					"$(inherited)",
				);
				GCC_WARN_64_TO_32_BIT_CONVERSION = YES;
				GCC_WARN_ABOUT_RETURN_TYPE = YES_ERROR;
				GCC_WARN_UNDECLARED_SELECTOR = YES;
				GCC_WARN_UNINITIALIZED_AUTOS = YES_AGGRESSIVE;
				GCC_WARN_UNUSED_FUNCTION = YES;
				GCC_WARN_UNUSED_VARIABLE = YES;
				IPHONEOS_DEPLOYMENT_TARGET = 9.0;
				MACH_O_TYPE = mh_bundle;
				MTL_ENABLE_DEBUG_INFO = INCLUDE_SOURCE;
				MTL_FAST_MATH = YES;
				ONLY_ACTIVE_ARCH = YES;
				SDKROOT = iphoneos;
				SWIFT_ACTIVE_COMPILATION_CONDITIONS = DEBUG;
				SWIFT_OPTIMIZATION_LEVEL = "-Onone";
			};
			name = Debug;
		};
		15E93E3A22169887000A29CC /* Release */ = {
			isa = XCBuildConfiguration;
			buildSettings = {
				ALWAYS_SEARCH_USER_PATHS = NO;
				CLANG_ANALYZER_NONNULL = YES;
				CLANG_ANALYZER_NUMBER_OBJECT_CONVERSION = YES_AGGRESSIVE;
				CLANG_CXX_LANGUAGE_STANDARD = "gnu++14";
				CLANG_CXX_LIBRARY = "libc++";
				CLANG_ENABLE_MODULES = YES;
				CLANG_ENABLE_OBJC_ARC = YES;
				CLANG_ENABLE_OBJC_WEAK = YES;
				CLANG_WARN_BLOCK_CAPTURE_AUTORELEASING = YES;
				CLANG_WARN_BOOL_CONVERSION = YES;
				CLANG_WARN_COMMA = YES;
				CLANG_WARN_CONSTANT_CONVERSION = YES;
				CLANG_WARN_DEPRECATED_OBJC_IMPLEMENTATIONS = YES;
				CLANG_WARN_DIRECT_OBJC_ISA_USAGE = YES_ERROR;
				CLANG_WARN_DOCUMENTATION_COMMENTS = YES;
				CLANG_WARN_EMPTY_BODY = YES;
				CLANG_WARN_ENUM_CONVERSION = YES;
				CLANG_WARN_INFINITE_RECURSION = YES;
				CLANG_WARN_INT_CONVERSION = YES;
				CLANG_WARN_NON_LITERAL_NULL_CONVERSION = YES;
				CLANG_WARN_OBJC_IMPLICIT_RETAIN_SELF = YES;
				CLANG_WARN_OBJC_LITERAL_CONVERSION = YES;
				CLANG_WARN_OBJC_ROOT_CLASS = YES_ERROR;
				CLANG_WARN_RANGE_LOOP_ANALYSIS = YES;
				CLANG_WARN_STRICT_PROTOTYPES = YES;
				CLANG_WARN_SUSPICIOUS_MOVE = YES;
				CLANG_WARN_UNGUARDED_AVAILABILITY = YES_AGGRESSIVE;
				CLANG_WARN_UNREACHABLE_CODE = YES;
				CLANG_WARN__DUPLICATE_METHOD_MATCH = YES;
				CODE_SIGN_IDENTITY = "iPhone Developer";
				COPY_PHASE_STRIP = NO;
				DEBUG_INFORMATION_FORMAT = "dwarf-with-dsym";
				ENABLE_NS_ASSERTIONS = NO;
				ENABLE_STRICT_OBJC_MSGSEND = YES;
				GCC_C_LANGUAGE_STANDARD = gnu11;
				GCC_NO_COMMON_BLOCKS = YES;
				GCC_WARN_64_TO_32_BIT_CONVERSION = YES;
				GCC_WARN_ABOUT_RETURN_TYPE = YES_ERROR;
				GCC_WARN_UNDECLARED_SELECTOR = YES;
				GCC_WARN_UNINITIALIZED_AUTOS = YES_AGGRESSIVE;
				GCC_WARN_UNUSED_FUNCTION = YES;
				GCC_WARN_UNUSED_VARIABLE = YES;
				IPHONEOS_DEPLOYMENT_TARGET = 9.0;
				MACH_O_TYPE = mh_bundle;
				MTL_ENABLE_DEBUG_INFO = NO;
				MTL_FAST_MATH = YES;
				SDKROOT = iphoneos;
				SWIFT_COMPILATION_MODE = wholemodule;
				SWIFT_OPTIMIZATION_LEVEL = "-O";
				VALIDATE_PRODUCT = YES;
			};
			name = Release;
		};
		15E93E3C22169887000A29CC /* Debug */ = {
			isa = XCBuildConfiguration;
			buildSettings = {
				ASSETCATALOG_COMPILER_APPICON_NAME = AppIcon;
				CODE_SIGN_STYLE = Automatic;
				DEVELOPMENT_TEAM = GFG94CPZ5N;
				FRAMEWORK_SEARCH_PATHS = (
					"$(inherited)",
					"$(PROJECT_DIR)",
					"$(PROJECT_DIR)/DCAutoLayoutDemo",
					"$(PROJECT_DIR)/Carthage/Build/iOS",
				);
				INFOPLIST_FILE = DCAutoLayoutDemo/Info.plist;
				LD_RUNPATH_SEARCH_PATHS = (
					"$(inherited)",
					"@executable_path/Frameworks",
				);
				MACH_O_TYPE = mh_execute;
				PRODUCT_BUNDLE_IDENTIFIER = com.darielchen.DCAutoLayoutDemo;
				PRODUCT_NAME = "$(TARGET_NAME)";
				SWIFT_VERSION = 4.2;
				TARGETED_DEVICE_FAMILY = 1;
			};
			name = Debug;
		};
		15E93E3D22169887000A29CC /* Release */ = {
			isa = XCBuildConfiguration;
			buildSettings = {
				ASSETCATALOG_COMPILER_APPICON_NAME = AppIcon;
				CODE_SIGN_STYLE = Automatic;
				DEVELOPMENT_TEAM = GFG94CPZ5N;
				FRAMEWORK_SEARCH_PATHS = (
					"$(inherited)",
					"$(PROJECT_DIR)",
					"$(PROJECT_DIR)/DCAutoLayoutDemo",
					"$(PROJECT_DIR)/Carthage/Build/iOS",
				);
				INFOPLIST_FILE = DCAutoLayoutDemo/Info.plist;
				LD_RUNPATH_SEARCH_PATHS = (
					"$(inherited)",
					"@executable_path/Frameworks",
				);
				MACH_O_TYPE = mh_execute;
				PRODUCT_BUNDLE_IDENTIFIER = com.darielchen.DCAutoLayoutDemo;
				PRODUCT_NAME = "$(TARGET_NAME)";
				SWIFT_VERSION = 4.2;
				TARGETED_DEVICE_FAMILY = 1;
			};
			name = Release;
		};
/* End XCBuildConfiguration section */

/* Begin XCConfigurationList section */
		15D3F2AB221A837A00BD13F2 /* Build configuration list for PBXNativeTarget "DCAutoLayoutDemoTests" */ = {
			isa = XCConfigurationList;
			buildConfigurations = (
				15D3F2AC221A837A00BD13F2 /* Debug */,
				15D3F2AD221A837A00BD13F2 /* Release */,
			);
			defaultConfigurationIsVisible = 0;
			defaultConfigurationName = Release;
		};
		15E93E2422169886000A29CC /* Build configuration list for PBXProject "DCAutoLayoutDemo" */ = {
			isa = XCConfigurationList;
			buildConfigurations = (
				15E93E3922169887000A29CC /* Debug */,
				15E93E3A22169887000A29CC /* Release */,
			);
			defaultConfigurationIsVisible = 0;
			defaultConfigurationName = Release;
		};
		15E93E3B22169887000A29CC /* Build configuration list for PBXNativeTarget "DCAutoLayoutDemo" */ = {
			isa = XCConfigurationList;
			buildConfigurations = (
				15E93E3C22169887000A29CC /* Debug */,
				15E93E3D22169887000A29CC /* Release */,
			);
			defaultConfigurationIsVisible = 0;
			defaultConfigurationName = Release;
		};
/* End XCConfigurationList section */
	};
	rootObject = 15E93E2122169886000A29CC /* Project object */;
}
